Microsoft Visual Studio Solution File, Format Version 12.00
# Visual Studio 2012
Project("{FAE04EC0-301F-11D3-BF4B-00C04F79EFBC}") = "Once Before And Now", "Once Before And Now.csproj", "{45FD76C5-CA20-4F04-9F47-E356F7D8E886}"
EndProject
Global
	GlobalSection(SolutionConfigurationPlatforms) = preSolution
	Debug|Any CPU = Debug|Any CPU
	ExportDebug|Any CPU = ExportDebug|Any CPU
	ExportRelease|Any CPU = ExportRelease|Any CPU
	EndGlobalSection
	GlobalSection(ProjectConfigurationPlatforms) = postSolution
		{45FD76C5-CA20-4F04-9F47-E356F7D8E886}.Debug|Any CPU.ActiveCfg = Debug|Any CPU
		{45FD76C5-CA20-4F04-9F47-E356F7D8E886}.Debug|Any CPU.Build.0 = Debug|Any CPU
		{45FD76C5-CA20-4F04-9F47-E356F7D8E886}.ExportDebug|Any CPU.ActiveCfg = ExportDebug|Any CPU
		{45FD76C5-CA20-4F04-9F47-E356F7D8E886}.ExportDebug|Any CPU.Build.0 = ExportDebug|Any CPU
		{45FD76C5-CA20-4F04-9F47-E356F7D8E886}.ExportRelease|Any CPU.ActiveCfg = ExportRelease|Any CPU
		{45FD76C5-CA20-4F04-9F47-E356F7D8E886}.ExportRelease|Any CPU.Build.0 = ExportRelease|Any CPU
	EndGlobalSection
EndGlobal
